
Microsoft Visual Studio Solution File, Format Version 12.00
# Visual Studio Version 16
VisualStudioVersion = 16.0.29806.167
MinimumVisualStudioVersion = 10.0.40219.1
Project("{FAE04EC0-301F-11D3-BF4B-00C04F79EFBC}") = "Login", "Introduccion\Login.csproj", "{DDCEE288-FECF-4E88-9251-7A7077717133}"
EndProject
Project("{FAE04EC0-301F-11D3-BF4B-00C04F79EFBC}") = "Enlasar dos ventanas", "Enlasar dos ventanas\Enlasar dos ventanas.csproj", "{4AC48A93-8DA3-48A5-8E16-685BA497066A}"
EndProject
Project("{FAE04EC0-301F-11D3-BF4B-00C04F79EFBC}") = "Suma", "variosComandos\Suma.csproj", "{D75B53D6-95A9-45D5-829B-5D70A959B7E8}"
EndProject
Project("{FAE04EC0-301F-11D3-BF4B-00C04F79EFBC}") = "cuatroformas", "cuatroformas\cuatroformas.csproj", "{4185EA01-F968-4B4D-A644-1055FD7282E3}"
EndProject
Project("{FAE04EC0-301F-11D3-BF4B-00C04F79EFBC}") = "areatriangulo", "areatriangulo\areatriangulo.csproj", "{A9454543-C048-4CEF-A0CB-613695B8AB37}"
EndProject
Project("{FAE04EC0-301F-11D3-BF4B-00C04F79EFBC}") = "division", "division\division.csproj", "{B51A88F8-B8A7-44E6-8E69-F6AB1D19B6F9}"
EndProject
Project("{FAE04EC0-301F-11D3-BF4B-00C04F79EFBC}") = "Modulo", "Modulo\Modulo.csproj", "{9438C988-0AF9-4351-9FD4-00931E9639B5}"
EndProject
Project("{FAE04EC0-301F-11D3-BF4B-00C04F79EFBC}") = "Ventanas", "Ventanas\Ventanas.csproj", "{74806A48-6829-435D-A9B1-745BF6063ED0}"
EndProject
Project("{FAE04EC0-301F-11D3-BF4B-00C04F79EFBC}") = "NotasPromedio", "NotasPromedio\NotasPromedio.csproj", "{DD6789CD-B8BB-465C-95C9-05DCE4221E82}"
EndProject
Project("{FAE04EC0-301F-11D3-BF4B-00C04F79EFBC}") = "Tiempo", "Tiempo\Tiempo.csproj", "{9933B953-2D2E-4200-A984-7B419F10DB8F}"
EndProject
Project("{FAE04EC0-301F-11D3-BF4B-00C04F79EFBC}") = "Dos login", "Reina\Dos login.csproj", "{C51044A7-447F-487C-9BA0-1F6569DD2C7E}"
EndProject
Global
	GlobalSection(SolutionConfigurationPlatforms) = preSolution
		Debug|Any CPU = Debug|Any CPU
		Release|Any CPU = Release|Any CPU
	EndGlobalSection
	GlobalSection(ProjectConfigurationPlatforms) = postSolution
		{DDCEE288-FECF-4E88-9251-7A7077717133}.Debug|Any CPU.ActiveCfg = Debug|Any CPU
		{DDCEE288-FECF-4E88-9251-7A7077717133}.Debug|Any CPU.Build.0 = Debug|Any CPU
		{DDCEE288-FECF-4E88-9251-7A7077717133}.Release|Any CPU.ActiveCfg = Release|Any CPU
		{DDCEE288-FECF-4E88-9251-7A7077717133}.Release|Any CPU.Build.0 = Release|Any CPU
		{4AC48A93-8DA3-48A5-8E16-685BA497066A}.Debug|Any CPU.ActiveCfg = Debug|Any CPU
		{4AC48A93-8DA3-48A5-8E16-685BA497066A}.Debug|Any CPU.Build.0 = Debug|Any CPU
		{4AC48A93-8DA3-48A5-8E16-685BA497066A}.Release|Any CPU.ActiveCfg = Release|Any CPU
		{4AC48A93-8DA3-48A5-8E16-685BA497066A}.Release|Any CPU.Build.0 = Release|Any CPU
		{D75B53D6-95A9-45D5-829B-5D70A959B7E8}.Debug|Any CPU.ActiveCfg = Debug|Any CPU
		{D75B53D6-95A9-45D5-829B-5D70A959B7E8}.Debug|Any CPU.Build.0 = Debug|Any CPU
		{D75B53D6-95A9-45D5-829B-5D70A959B7E8}.Release|Any CPU.ActiveCfg = Release|Any CPU
		{D75B53D6-95A9-45D5-829B-5D70A959B7E8}.Release|Any CPU.Build.0 = Release|Any CPU
		{4185EA01-F968-4B4D-A644-1055FD7282E3}.Debug|Any CPU.ActiveCfg = Debug|Any CPU
		{4185EA01-F968-4B4D-A644-1055FD7282E3}.Debug|Any CPU.Build.0 = Debug|Any CPU
		{4185EA01-F968-4B4D-A644-1055FD7282E3}.Release|Any CPU.ActiveCfg = Release|Any CPU
		{4185EA01-F968-4B4D-A644-1055FD7282E3}.Release|Any CPU.Build.0 = Release|Any CPU
		{A9454543-C048-4CEF-A0CB-613695B8AB37}.Debug|Any CPU.ActiveCfg = Debug|Any CPU
		{A9454543-C048-4CEF-A0CB-613695B8AB37}.Debug|Any CPU.Build.0 = Debug|Any CPU
		{A9454543-C048-4CEF-A0CB-613695B8AB37}.Release|Any CPU.ActiveCfg = Release|Any CPU
		{A9454543-C048-4CEF-A0CB-613695B8AB37}.Release|Any CPU.Build.0 = Release|Any CPU
		{B51A88F8-B8A7-44E6-8E69-F6AB1D19B6F9}.Debug|Any CPU.ActiveCfg = Debug|Any CPU
		{B51A88F8-B8A7-44E6-8E69-F6AB1D19B6F9}.Debug|Any CPU.Build.0 = Debug|Any CPU
		{B51A88F8-B8A7-44E6-8E69-F6AB1D19B6F9}.Release|Any CPU.ActiveCfg = Release|Any CPU
		{B51A88F8-B8A7-44E6-8E69-F6AB1D19B6F9}.Release|Any CPU.Build.0 = Release|Any CPU
		{9438C988-0AF9-4351-9FD4-00931E9639B5}.Debug|Any CPU.ActiveCfg = Debug|Any CPU
		{9438C988-0AF9-4351-9FD4-00931E9639B5}.Debug|Any CPU.Build.0 = Debug|Any CPU
		{9438C988-0AF9-4351-9FD4-00931E9639B5}.Release|Any CPU.ActiveCfg = Release|Any CPU
		{9438C988-0AF9-4351-9FD4-00931E9639B5}.Release|Any CPU.Build.0 = Release|Any CPU
		{74806A48-6829-435D-A9B1-745BF6063ED0}.Debug|Any CPU.ActiveCfg = Debug|Any CPU
		{74806A48-6829-435D-A9B1-745BF6063ED0}.Debug|Any CPU.Build.0 = Debug|Any CPU
		{74806A48-6829-435D-A9B1-745BF6063ED0}.Release|Any CPU.ActiveCfg = Release|Any CPU
		{74806A48-6829-435D-A9B1-745BF6063ED0}.Release|Any CPU.Build.0 = Release|Any CPU
		{DD6789CD-B8BB-465C-95C9-05DCE4221E82}.Debug|Any CPU.ActiveCfg = Debug|Any CPU
		{DD6789CD-B8BB-465C-95C9-05DCE4221E82}.Debug|Any CPU.Build.0 = Debug|Any CPU
		{DD6789CD-B8BB-465C-95C9-05DCE4221E82}.Release|Any CPU.ActiveCfg = Release|Any CPU
		{DD6789CD-B8BB-465C-95C9-05DCE4221E82}.Release|Any CPU.Build.0 = Release|Any CPU
		{9933B953-2D2E-4200-A984-7B419F10DB8F}.Debug|Any CPU.ActiveCfg = Debug|Any CPU
		{9933B953-2D2E-4200-A984-7B419F10DB8F}.Debug|Any CPU.Build.0 = Debug|Any CPU
		{9933B953-2D2E-4200-A984-7B419F10DB8F}.Release|Any CPU.ActiveCfg = Release|Any CPU
		{9933B953-2D2E-4200-A984-7B419F10DB8F}.Release|Any CPU.Build.0 = Release|Any CPU
		{C51044A7-447F-487C-9BA0-1F6569DD2C7E}.Debug|Any CPU.ActiveCfg = Debug|Any CPU
		{C51044A7-447F-487C-9BA0-1F6569DD2C7E}.Debug|Any CPU.Build.0 = Debug|Any CPU
		{C51044A7-447F-487C-9BA0-1F6569DD2C7E}.Release|Any CPU.ActiveCfg = Release|Any CPU
		{C51044A7-447F-487C-9BA0-1F6569DD2C7E}.Release|Any CPU.Build.0 = Release|Any CPU
	EndGlobalSection
	GlobalSection(SolutionProperties) = preSolution
		HideSolutionNode = FALSE
	EndGlobalSection
	GlobalSection(ExtensibilityGlobals) = postSolution
		SolutionGuid = {6AA4F597-DDE7-40B2-BE5F-4F4E0C5ED0D7}
	EndGlobalSection
EndGlobal
